
Microsoft Visual Studio Solution File, Format Version 12.00
# Visual Studio 15
VisualStudioVersion = 15.0.27130.2010
MinimumVisualStudioVersion = 10.0.40219.1
Project("{FAE04EC0-301F-11D3-BF4B-00C04F79EFBC}") = "RelatoGraph", "RelatoGraph\RelatoGraph.csproj", "{4A3636B7-99F5-4DD4-A522-D7D9388F5A74}"
EndProject
Global
	GlobalSection(SolutionConfigurationPlatforms) = preSolution
		Debug|Any CPU = Debug|Any CPU
		Release|Any CPU = Release|Any CPU
	EndGlobalSection
	GlobalSection(ProjectConfigurationPlatforms) = postSolution
		{4A3636B7-99F5-4DD4-A522-D7D9388F5A74}.Debug|Any CPU.ActiveCfg = Debug|Any CPU
		{4A3636B7-99F5-4DD4-A522-D7D9388F5A74}.Debug|Any CPU.Build.0 = Debug|Any CPU
		{4A3636B7-99F5-4DD4-A522-D7D9388F5A74}.Release|Any CPU.ActiveCfg = Release|Any CPU
		{4A3636B7-99F5-4DD4-A522-D7D9388F5A74}.Release|Any CPU.Build.0 = Release|Any CPU
	EndGlobalSection
	GlobalSection(SolutionProperties) = preSolution
		HideSolutionNode = FALSE
	EndGlobalSection
	GlobalSection(ExtensibilityGlobals) = postSolution
		SolutionGuid = {92674A35-930C-40AD-8A80-D3C1553BD4E5}
	EndGlobalSection
EndGlobal
